// !$*UTF8*$!
{
	archiveVersion = 1;
	classes = {
	};
	objectVersion = 55;
	objects = {

/* Begin PBXBuildFile section */
		21AE9B3F26FF200F0053A13E /* BudgetBuddyApp.swift in Sources */ = {isa = PBXBuildFile; fileRef = 21AE9B3E26FF200F0053A13E /* BudgetBuddyApp.swift */; };
		21AE9B4126FF200F0053A13E /* ContentView.swift in Sources */ = {isa = PBXBuildFile; fileRef = 21AE9B4026FF200F0053A13E /* ContentView.swift */; };
		21AE9B4326FF20110053A13E /* Assets.xcassets in Resources */ = {isa = PBXBuildFile; fileRef = 21AE9B4226FF20110053A13E /* Assets.xcassets */; };
		21AE9B4626FF20110053A13E /* Preview Assets.xcassets in Resources */ = {isa = PBXBuildFile; fileRef = 21AE9B4526FF20110053A13E /* Preview Assets.xcassets */; };
		21AE9B4826FF20110053A13E /* Persistence.swift in Sources */ = {isa = PBXBuildFile; fileRef = 21AE9B4726FF20110053A13E /* Persistence.swift */; };
		21AE9B4B26FF20110053A13E /* BudgetBuddy.xcdatamodeld in Sources */ = {isa = PBXBuildFile; fileRef = 21AE9B4926FF20110053A13E /* BudgetBuddy.xcdatamodeld */; };
		21E4792F26FFF45D004A27F8 /* User.swift in Sources */ = {isa = PBXBuildFile; fileRef = 21E4792E26FFF45D004A27F8 /* User.swift */; };
		21E4793126FFFD2B004A27F8 /* LoginView.swift in Sources */ = {isa = PBXBuildFile; fileRef = 21E4793026FFFD2B004A27F8 /* LoginView.swift */; };
		21E4793327000012004A27F8 /* HomeView.swift in Sources */ = {isa = PBXBuildFile; fileRef = 21E4793227000011004A27F8 /* HomeView.swift */; };
		21E47938270000BE004A27F8 /* AddView.swift in Sources */ = {isa = PBXBuildFile; fileRef = 21E47937270000BE004A27F8 /* AddView.swift */; };
		21E4793A27000183004A27F8 /* UserModel.swift in Sources */ = {isa = PBXBuildFile; fileRef = 21E4793927000183004A27F8 /* UserModel.swift */; };
		21E4793C2700160C004A27F8 /* ItemType.swift in Sources */ = {isa = PBXBuildFile; fileRef = 21E4793B2700160C004A27F8 /* ItemType.swift */; };
		21E4793F27001B3F004A27F8 /* BudgetItem+CoreDataClass.swift in Sources */ = {isa = PBXBuildFile; fileRef = 21E4793D27001B3F004A27F8 /* BudgetItem+CoreDataClass.swift */; };
		21E4794027001B3F004A27F8 /* BudgetItem+CoreDataProperties.swift in Sources */ = {isa = PBXBuildFile; fileRef = 21E4793E27001B3F004A27F8 /* BudgetItem+CoreDataProperties.swift */; };
/* End PBXBuildFile section */

/* Begin PBXFileReference section */
		21AE9B3B26FF200F0053A13E /* BudgetBuddy.app */ = {isa = PBXFileReference; explicitFileType = wrapper.application; includeInIndex = 0; path = BudgetBuddy.app; sourceTree = BUILT_PRODUCTS_DIR; };
		21AE9B3E26FF200F0053A13E /* BudgetBuddyApp.swift */ = {isa = PBXFileReference; lastKnownFileType = sourcecode.swift; path = BudgetBuddyApp.swift; sourceTree = "<group>"; };
		21AE9B4026FF200F0053A13E /* ContentView.swift */ = {isa = PBXFileReference; lastKnownFileType = sourcecode.swift; path = ContentView.swift; sourceTree = "<group>"; };
		21AE9B4226FF20110053A13E /* Assets.xcassets */ = {isa = PBXFileReference; lastKnownFileType = folder.assetcatalog; path = Assets.xcassets; sourceTree = "<group>"; };
		21AE9B4526FF20110053A13E /* Preview Assets.xcassets */ = {isa = PBXFileReference; lastKnownFileType = folder.assetcatalog; path = "Preview Assets.xcassets"; sourceTree = "<group>"; };
		21AE9B4726FF20110053A13E /* Persistence.swift */ = {isa = PBXFileReference; lastKnownFileType = sourcecode.swift; path = Persistence.swift; sourceTree = "<group>"; };
		21AE9B4A26FF20110053A13E /* BudgetBuddy.xcdatamodel */ = {isa = PBXFileReference; lastKnownFileType = wrapper.xcdatamodel; path = BudgetBuddy.xcdatamodel; sourceTree = "<group>"; };
		21E4792E26FFF45D004A27F8 /* User.swift */ = {isa = PBXFileReference; lastKnownFileType = sourcecode.swift; path = User.swift; sourceTree = "<group>"; };
		21E4793026FFFD2B004A27F8 /* LoginView.swift */ = {isa = PBXFileReference; lastKnownFileType = sourcecode.swift; path = LoginView.swift; sourceTree = "<group>"; };
		21E4793227000011004A27F8 /* HomeView.swift */ = {isa = PBXFileReference; lastKnownFileType = sourcecode.swift; path = HomeView.swift; sourceTree = "<group>"; };
		21E47937270000BE004A27F8 /* AddView.swift */ = {isa = PBXFileReference; lastKnownFileType = sourcecode.swift; path = AddView.swift; sourceTree = "<group>"; };
		21E4793927000183004A27F8 /* UserModel.swift */ = {isa = PBXFileReference; lastKnownFileType = sourcecode.swift; path = UserModel.swift; sourceTree = "<group>"; };
		21E4793B2700160C004A27F8 /* ItemType.swift */ = {isa = PBXFileReference; lastKnownFileType = sourcecode.swift; path = ItemType.swift; sourceTree = "<group>"; };
		21E4793D27001B3F004A27F8 /* BudgetItem+CoreDataClass.swift */ = {isa = PBXFileReference; lastKnownFileType = sourcecode.swift; path = "BudgetItem+CoreDataClass.swift"; sourceTree = SOURCE_ROOT; };
		21E4793E27001B3F004A27F8 /* BudgetItem+CoreDataProperties.swift */ = {isa = PBXFileReference; lastKnownFileType = sourcecode.swift; path = "BudgetItem+CoreDataProperties.swift"; sourceTree = SOURCE_ROOT; };
/* End PBXFileReference section */

/* Begin PBXFrameworksBuildPhase section */
		21AE9B3826FF200F0053A13E /* Frameworks */ = {
			isa = PBXFrameworksBuildPhase;
			buildActionMask = 2147483647;
			files = (
			);
			runOnlyForDeploymentPostprocessing = 0;
		};
/* End PBXFrameworksBuildPhase section */

/* Begin PBXGroup section */
		21AE9B3226FF200F0053A13E = {
			isa = PBXGroup;
			children = (
				21AE9B3D26FF200F0053A13E /* BudgetBuddy */,
				21AE9B3C26FF200F0053A13E /* Products */,
			);
			sourceTree = "<group>";
		};
		21AE9B3C26FF200F0053A13E /* Products */ = {
			isa = PBXGroup;
			children = (
				21AE9B3B26FF200F0053A13E /* BudgetBuddy.app */,
			);
			name = Products;
			sourceTree = "<group>";
		};
		21AE9B3D26FF200F0053A13E /* BudgetBuddy */ = {
			isa = PBXGroup;
			children = (
				21AE9B3E26FF200F0053A13E /* BudgetBuddyApp.swift */,
				21E4792D26FFF451004A27F8 /* Model */,
				21AE9B5526FF21160053A13E /* CoreData */,
				21AE9B5626FF212B0053A13E /* Views */,
				21AE9B4226FF20110053A13E /* Assets.xcassets */,
				21AE9B4926FF20110053A13E /* BudgetBuddy.xcdatamodeld */,
				21AE9B4426FF20110053A13E /* Preview Content */,
			);
			path = BudgetBuddy;
			sourceTree = "<group>";
		};
		21AE9B4426FF20110053A13E /* Preview Content */ = {
			isa = PBXGroup;
			children = (
				21AE9B4526FF20110053A13E /* Preview Assets.xcassets */,
			);
			path = "Preview Content";
			sourceTree = "<group>";
		};
		21AE9B5526FF21160053A13E /* CoreData */ = {
			isa = PBXGroup;
			children = (
				21E4793D27001B3F004A27F8 /* BudgetItem+CoreDataClass.swift */,
				21E4793E27001B3F004A27F8 /* BudgetItem+CoreDataProperties.swift */,
				21AE9B4726FF20110053A13E /* Persistence.swift */,
			);
			path = CoreData;
			sourceTree = "<group>";
		};
		21AE9B5626FF212B0053A13E /* Views */ = {
			isa = PBXGroup;
			children = (
				21AE9B4026FF200F0053A13E /* ContentView.swift */,
				21E4793026FFFD2B004A27F8 /* LoginView.swift */,
				21E47937270000BE004A27F8 /* AddView.swift */,
				21E4793227000011004A27F8 /* HomeView.swift */,
			);
			path = Views;
			sourceTree = "<group>";
		};
		21E4792D26FFF451004A27F8 /* Model */ = {
			isa = PBXGroup;
			children = (
				21E4792E26FFF45D004A27F8 /* User.swift */,
				21E4793927000183004A27F8 /* UserModel.swift */,
				21E4793B2700160C004A27F8 /* ItemType.swift */,
			);
			path = Model;
			sourceTree = "<group>";
		};
/* End PBXGroup section */

/* Begin PBXNativeTarget section */
		21AE9B3A26FF200F0053A13E /* BudgetBuddy */ = {
			isa = PBXNativeTarget;
			buildConfigurationList = 21AE9B4E26FF20110053A13E /* Build configuration list for PBXNativeTarget "BudgetBuddy" */;
			buildPhases = (
				21AE9B3726FF200F0053A13E /* Sources */,
				21AE9B3826FF200F0053A13E /* Frameworks */,
				21AE9B3926FF200F0053A13E /* Resources */,
			);
			buildRules = (
			);
			dependencies = (
			);
			name = BudgetBuddy;
			productName = BudgetBuddy;
			productReference = 21AE9B3B26FF200F0053A13E /* BudgetBuddy.app */;
			productType = "com.apple.product-type.application";
		};
/* End PBXNativeTarget section */

/* Begin PBXProject section */
		21AE9B3326FF200F0053A13E /* Project object */ = {
			isa = PBXProject;
			attributes = {
				BuildIndependentTargetsInParallel = 1;
				LastSwiftUpdateCheck = 1300;
				LastUpgradeCheck = 1300;
				TargetAttributes = {
					21AE9B3A26FF200F0053A13E = {
						CreatedOnToolsVersion = 13.0;
					};
				};
			};
			buildConfigurationList = 21AE9B3626FF200F0053A13E /* Build configuration list for PBXProject "BudgetBuddy" */;
			compatibilityVersion = "Xcode 13.0";
			developmentRegion = en;
			hasScannedForEncodings = 0;
			knownRegions = (
				en,
				Base,
			);
			mainGroup = 21AE9B3226FF200F0053A13E;
			productRefGroup = 21AE9B3C26FF200F0053A13E /* Products */;
			projectDirPath = "";
			projectRoot = "";
			targets = (
				21AE9B3A26FF200F0053A13E /* BudgetBuddy */,
			);
		};
/* End PBXProject section */

/* Begin PBXResourcesBuildPhase section */
		21AE9B3926FF200F0053A13E /* Resources */ = {
			isa = PBXResourcesBuildPhase;
			buildActionMask = 2147483647;
			files = (
				21AE9B4626FF20110053A13E /* Preview Assets.xcassets in Resources */,
				21AE9B4326FF20110053A13E /* Assets.xcassets in Resources */,
			);
			runOnlyForDeploymentPostprocessing = 0;
		};
/* End PBXResourcesBuildPhase section */

/* Begin PBXSourcesBuildPhase section */
		21AE9B3726FF200F0053A13E /* Sources */ = {
			isa = PBXSourcesBuildPhase;
			buildActionMask = 2147483647;
			files = (
				21E4793327000012004A27F8 /* HomeView.swift in Sources */,
				21E4793C2700160C004A27F8 /* ItemType.swift in Sources */,
				21E47938270000BE004A27F8 /* AddView.swift in Sources */,
				21AE9B4826FF20110053A13E /* Persistence.swift in Sources */,
				21E4793F27001B3F004A27F8 /* BudgetItem+CoreDataClass.swift in Sources */,
				21AE9B4126FF200F0053A13E /* ContentView.swift in Sources */,
				21AE9B3F26FF200F0053A13E /* BudgetBuddyApp.swift in Sources */,
				21AE9B4B26FF20110053A13E /* BudgetBuddy.xcdatamodeld in Sources */,
				21E4793126FFFD2B004A27F8 /* LoginView.swift in Sources */,
				21E4792F26FFF45D004A27F8 /* User.swift in Sources */,
				21E4793A27000183004A27F8 /* UserModel.swift in Sources */,
				21E4794027001B3F004A27F8 /* BudgetItem+CoreDataProperties.swift in Sources */,
			);
			runOnlyForDeploymentPostprocessing = 0;
		};
/* End PBXSourcesBuildPhase section */

/* Begin XCBuildConfiguration section */
		21AE9B4C26FF20110053A13E /* Debug */ = {
			isa = XCBuildConfiguration;
			buildSettings = {
				ALWAYS_SEARCH_USER_PATHS = NO;
				CLANG_ANALYZER_NONNULL = YES;
				CLANG_ANALYZER_NUMBER_OBJECT_CONVERSION = YES_AGGRESSIVE;
				CLANG_CXX_LANGUAGE_STANDARD = "gnu++17";
				CLANG_CXX_LIBRARY = "libc++";
				CLANG_ENABLE_MODULES = YES;
				CLANG_ENABLE_OBJC_ARC = YES;
				CLANG_ENABLE_OBJC_WEAK = YES;
				CLANG_WARN_BLOCK_CAPTURE_AUTORELEASING = YES;
				CLANG_WARN_BOOL_CONVERSION = YES;
				CLANG_WARN_COMMA = YES;
				CLANG_WARN_CONSTANT_CONVERSION = YES;
				CLANG_WARN_DEPRECATED_OBJC_IMPLEMENTATIONS = YES;
				CLANG_WARN_DIRECT_OBJC_ISA_USAGE = YES_ERROR;
				CLANG_WARN_DOCUMENTATION_COMMENTS = YES;
				CLANG_WARN_EMPTY_BODY = YES;
				CLANG_WARN_ENUM_CONVERSION = YES;
				CLANG_WARN_INFINITE_RECURSION = YES;
				CLANG_WARN_INT_CONVERSION = YES;
				CLANG_WARN_NON_LITERAL_NULL_CONVERSION = YES;
				CLANG_WARN_OBJC_IMPLICIT_RETAIN_SELF = YES;
				CLANG_WARN_OBJC_LITERAL_CONVERSION = YES;
				CLANG_WARN_OBJC_ROOT_CLASS = YES_ERROR;
				CLANG_WARN_QUOTED_INCLUDE_IN_FRAMEWORK_HEADER = YES;
				CLANG_WARN_RANGE_LOOP_ANALYSIS = YES;
				CLANG_WARN_STRICT_PROTOTYPES = YES;
				CLANG_WARN_SUSPICIOUS_MOVE = YES;
				CLANG_WARN_UNGUARDED_AVAILABILITY = YES_AGGRESSIVE;
				CLANG_WARN_UNREACHABLE_CODE = YES;
				CLANG_WARN__DUPLICATE_METHOD_MATCH = YES;
				COPY_PHASE_STRIP = NO;
				DEBUG_INFORMATION_FORMAT = dwarf;
				ENABLE_STRICT_OBJC_MSGSEND = YES;
				ENABLE_TESTABILITY = YES;
				GCC_C_LANGUAGE_STANDARD = gnu11;
				GCC_DYNAMIC_NO_PIC = NO;
				GCC_NO_COMMON_BLOCKS = YES;
				GCC_OPTIMIZATION_LEVEL = 0;
				GCC_PREPROCESSOR_DEFINITIONS = (
					"DEBUG=1",
					"$(inherited)",
				);
				GCC_WARN_64_TO_32_BIT_CONVERSION = YES;
				GCC_WARN_ABOUT_RETURN_TYPE = YES_ERROR;
				GCC_WARN_UNDECLARED_SELECTOR = YES;
				GCC_WARN_UNINITIALIZED_AUTOS = YES_AGGRESSIVE;
				GCC_WARN_UNUSED_FUNCTION = YES;
				GCC_WARN_UNUSED_VARIABLE = YES;
				IPHONEOS_DEPLOYMENT_TARGET = 15.0;
				MTL_ENABLE_DEBUG_INFO = INCLUDE_SOURCE;
				MTL_FAST_MATH = YES;
				ONLY_ACTIVE_ARCH = YES;
				SDKROOT = iphoneos;
				SWIFT_ACTIVE_COMPILATION_CONDITIONS = DEBUG;
				SWIFT_OPTIMIZATION_LEVEL = "-Onone";
			};
			name = Debug;
		};
		21AE9B4D26FF20110053A13E /* Release */ = {
			isa = XCBuildConfiguration;
			buildSettings = {
				ALWAYS_SEARCH_USER_PATHS = NO;
				CLANG_ANALYZER_NONNULL = YES;
				CLANG_ANALYZER_NUMBER_OBJECT_CONVERSION = YES_AGGRESSIVE;
				CLANG_CXX_LANGUAGE_STANDARD = "gnu++17";
				CLANG_CXX_LIBRARY = "libc++";
				CLANG_ENABLE_MODULES = YES;
				CLANG_ENABLE_OBJC_ARC = YES;
				CLANG_ENABLE_OBJC_WEAK = YES;
				CLANG_WARN_BLOCK_CAPTURE_AUTORELEASING = YES;
				CLANG_WARN_BOOL_CONVERSION = YES;
				CLANG_WARN_COMMA = YES;
				CLANG_WARN_CONSTANT_CONVERSION = YES;
				CLANG_WARN_DEPRECATED_OBJC_IMPLEMENTATIONS = YES;
				CLANG_WARN_DIRECT_OBJC_ISA_USAGE = YES_ERROR;
				CLANG_WARN_DOCUMENTATION_COMMENTS = YES;
				CLANG_WARN_EMPTY_BODY = YES;
				CLANG_WARN_ENUM_CONVERSION = YES;
				CLANG_WARN_INFINITE_RECURSION = YES;
				CLANG_WARN_INT_CONVERSION = YES;
				CLANG_WARN_NON_LITERAL_NULL_CONVERSION = YES;
				CLANG_WARN_OBJC_IMPLICIT_RETAIN_SELF = YES;
				CLANG_WARN_OBJC_LITERAL_CONVERSION = YES;
				CLANG_WARN_OBJC_ROOT_CLASS = YES_ERROR;
				CLANG_WARN_QUOTED_INCLUDE_IN_FRAMEWORK_HEADER = YES;
				CLANG_WARN_RANGE_LOOP_ANALYSIS = YES;
				CLANG_WARN_STRICT_PROTOTYPES = YES;
				CLANG_WARN_SUSPICIOUS_MOVE = YES;
				CLANG_WARN_UNGUARDED_AVAILABILITY = YES_AGGRESSIVE;
				CLANG_WARN_UNREACHABLE_CODE = YES;
				CLANG_WARN__DUPLICATE_METHOD_MATCH = YES;
				COPY_PHASE_STRIP = NO;
				DEBUG_INFORMATION_FORMAT = "dwarf-with-dsym";
				ENABLE_NS_ASSERTIONS = NO;
				ENABLE_STRICT_OBJC_MSGSEND = YES;
				GCC_C_LANGUAGE_STANDARD = gnu11;
				GCC_NO_COMMON_BLOCKS = YES;
				GCC_WARN_64_TO_32_BIT_CONVERSION = YES;
				GCC_WARN_ABOUT_RETURN_TYPE = YES_ERROR;
				GCC_WARN_UNDECLARED_SELECTOR = YES;
				GCC_WARN_UNINITIALIZED_AUTOS = YES_AGGRESSIVE;
				GCC_WARN_UNUSED_FUNCTION = YES;
				GCC_WARN_UNUSED_VARIABLE = YES;
				IPHONEOS_DEPLOYMENT_TARGET = 15.0;
				MTL_ENABLE_DEBUG_INFO = NO;
				MTL_FAST_MATH = YES;
				SDKROOT = iphoneos;
				SWIFT_COMPILATION_MODE = wholemodule;
				SWIFT_OPTIMIZATION_LEVEL = "-O";
				VALIDATE_PRODUCT = YES;
			};
			name = Release;
		};
		21AE9B4F26FF20110053A13E /* Debug */ = {
			isa = XCBuildConfiguration;
			buildSettings = {
				ASSETCATALOG_COMPILER_APPICON_NAME = AppIcon;
				ASSETCATALOG_COMPILER_GLOBAL_ACCENT_COLOR_NAME = AccentColor;
				CODE_SIGN_STYLE = Automatic;
				CURRENT_PROJECT_VERSION = 1;
				DEVELOPMENT_ASSET_PATHS = "\"BudgetBuddy/Preview Content\"";
				DEVELOPMENT_TEAM = SVNZBC4323;
				ENABLE_PREVIEWS = YES;
				GENERATE_INFOPLIST_FILE = YES;
				INFOPLIST_KEY_UIApplicationSceneManifest_Generation = YES;
				INFOPLIST_KEY_UIApplicationSupportsIndirectInputEvents = YES;
				INFOPLIST_KEY_UILaunchScreen_Generation = YES;
				INFOPLIST_KEY_UISupportedInterfaceOrientations_iPad = "UIInterfaceOrientationPortrait UIInterfaceOrientationPortraitUpsideDown UIInterfaceOrientationLandscapeLeft UIInterfaceOrientationLandscapeRight";
				INFOPLIST_KEY_UISupportedInterfaceOrientations_iPhone = "UIInterfaceOrientationPortrait UIInterfaceOrientationLandscapeLeft UIInterfaceOrientationLandscapeRight";
				IPHONEOS_DEPLOYMENT_TARGET = 15.0;
				LD_RUNPATH_SEARCH_PATHS = (
					"$(inherited)",
					"@executable_path/Frameworks",
				);
				MARKETING_VERSION = 1.0;
				PRODUCT_BUNDLE_IDENTIFIER = com.gmail.tusatino.BudgetBuddy;
				PRODUCT_NAME = "$(TARGET_NAME)";
				SWIFT_EMIT_LOC_STRINGS = YES;
				SWIFT_VERSION = 5.0;
				TARGETED_DEVICE_FAMILY = "1,2";
			};
			name = Debug;
		};
		21AE9B5026FF20110053A13E /* Release */ = {
			isa = XCBuildConfiguration;
			buildSettings = {
				ASSETCATALOG_COMPILER_APPICON_NAME = AppIcon;
				ASSETCATALOG_COMPILER_GLOBAL_ACCENT_COLOR_NAME = AccentColor;
				CODE_SIGN_STYLE = Automatic;
				CURRENT_PROJECT_VERSION = 1;
				DEVELOPMENT_ASSET_PATHS = "\"BudgetBuddy/Preview Content\"";
				DEVELOPMENT_TEAM = SVNZBC4323;
				ENABLE_PREVIEWS = YES;
				GENERATE_INFOPLIST_FILE = YES;
				INFOPLIST_KEY_UIApplicationSceneManifest_Generation = YES;
				INFOPLIST_KEY_UIApplicationSupportsIndirectInputEvents = YES;
				INFOPLIST_KEY_UILaunchScreen_Generation = YES;
				INFOPLIST_KEY_UISupportedInterfaceOrientations_iPad = "UIInterfaceOrientationPortrait UIInterfaceOrientationPortraitUpsideDown UIInterfaceOrientationLandscapeLeft UIInterfaceOrientationLandscapeRight";
				INFOPLIST_KEY_UISupportedInterfaceOrientations_iPhone = "UIInterfaceOrientationPortrait UIInterfaceOrientationLandscapeLeft UIInterfaceOrientationLandscapeRight";
				IPHONEOS_DEPLOYMENT_TARGET = 15.0;
				LD_RUNPATH_SEARCH_PATHS = (
					"$(inherited)",
					"@executable_path/Frameworks",
				);
				MARKETING_VERSION = 1.0;
				PRODUCT_BUNDLE_IDENTIFIER = com.gmail.tusatino.BudgetBuddy;
				PRODUCT_NAME = "$(TARGET_NAME)";
				SWIFT_EMIT_LOC_STRINGS = YES;
				SWIFT_VERSION = 5.0;
				TARGETED_DEVICE_FAMILY = "1,2";
			};
			name = Release;
		};
/* End XCBuildConfiguration section */

/* Begin XCConfigurationList section */
		21AE9B3626FF200F0053A13E /* Build configuration list for PBXProject "BudgetBuddy" */ = {
			isa = XCConfigurationList;
			buildConfigurations = (
				21AE9B4C26FF20110053A13E /* Debug */,
				21AE9B4D26FF20110053A13E /* Release */,
			);
			defaultConfigurationIsVisible = 0;
			defaultConfigurationName = Release;
		};
		21AE9B4E26FF20110053A13E /* Build configuration list for PBXNativeTarget "BudgetBuddy" */ = {
			isa = XCConfigurationList;
			buildConfigurations = (
				21AE9B4F26FF20110053A13E /* Debug */,
				21AE9B5026FF20110053A13E /* Release */,
			);
			defaultConfigurationIsVisible = 0;
			defaultConfigurationName = Release;
		};
/* End XCConfigurationList section */

/* Begin XCVersionGroup section */
		21AE9B4926FF20110053A13E /* BudgetBuddy.xcdatamodeld */ = {
			isa = XCVersionGroup;
			children = (
				21AE9B4A26FF20110053A13E /* BudgetBuddy.xcdatamodel */,
			);
			currentVersion = 21AE9B4A26FF20110053A13E /* BudgetBuddy.xcdatamodel */;
			path = BudgetBuddy.xcdatamodeld;
			sourceTree = "<group>";
			versionGroupType = wrapper.xcdatamodel;
		};
/* End XCVersionGroup section */
	};
	rootObject = 21AE9B3326FF200F0053A13E /* Project object */;
}
